// !$*UTF8*$!
{
	archiveVersion = 1;
	classes = {
	};
	objectVersion = 56;
	objects = {

/* Begin PBXBuildFile section */
		47897E952872859F008344D1 /* UI_604App.swift in Sources */ = {isa = PBXBuildFile; fileRef = 47897E942872859F008344D1 /* UI_604App.swift */; };
		47897E972872859F008344D1 /* ContentView.swift in Sources */ = {isa = PBXBuildFile; fileRef = 47897E962872859F008344D1 /* ContentView.swift */; };
		47897E99287285A0008344D1 /* Assets.xcassets in Resources */ = {isa = PBXBuildFile; fileRef = 47897E98287285A0008344D1 /* Assets.xcassets */; };
		47897E9C287285A0008344D1 /* Preview Assets.xcassets in Resources */ = {isa = PBXBuildFile; fileRef = 47897E9B287285A0008344D1 /* Preview Assets.xcassets */; };
		47897EA6287285A0008344D1 /* UI_604Tests.swift in Sources */ = {isa = PBXBuildFile; fileRef = 47897EA5287285A0008344D1 /* UI_604Tests.swift */; };
		47897EB0287285A0008344D1 /* UI_604UITests.swift in Sources */ = {isa = PBXBuildFile; fileRef = 47897EAF287285A0008344D1 /* UI_604UITests.swift */; };
		47897EB2287285A0008344D1 /* UI_604UITestsLaunchTests.swift in Sources */ = {isa = PBXBuildFile; fileRef = 47897EB1287285A0008344D1 /* UI_604UITestsLaunchTests.swift */; };
		47897EC0287285A9008344D1 /* Home.swift in Sources */ = {isa = PBXBuildFile; fileRef = 47897EBF287285A9008344D1 /* Home.swift */; };
		47897EC3287285B6008344D1 /* Pizza.swift in Sources */ = {isa = PBXBuildFile; fileRef = 47897EC2287285B6008344D1 /* Pizza.swift */; };
		47897EC5287285EF008344D1 /* AricShape.swift in Sources */ = {isa = PBXBuildFile; fileRef = 47897EC4287285EF008344D1 /* AricShape.swift */; };
/* End PBXBuildFile section */

/* Begin PBXContainerItemProxy section */
		47897EA2287285A0008344D1 /* PBXContainerItemProxy */ = {
			isa = PBXContainerItemProxy;
			containerPortal = 47897E892872859F008344D1 /* Project object */;
			proxyType = 1;
			remoteGlobalIDString = 47897E902872859F008344D1;
			remoteInfo = "UI-604";
		};
		47897EAC287285A0008344D1 /* PBXContainerItemProxy */ = {
			isa = PBXContainerItemProxy;
			containerPortal = 47897E892872859F008344D1 /* Project object */;
			proxyType = 1;
			remoteGlobalIDString = 47897E902872859F008344D1;
			remoteInfo = "UI-604";
		};
/* End PBXContainerItemProxy section */

/* Begin PBXFileReference section */
		47897E912872859F008344D1 /* UI-604.app */ = {isa = PBXFileReference; explicitFileType = wrapper.application; includeInIndex = 0; path = "UI-604.app"; sourceTree = BUILT_PRODUCTS_DIR; };
		47897E942872859F008344D1 /* UI_604App.swift */ = {isa = PBXFileReference; lastKnownFileType = sourcecode.swift; path = UI_604App.swift; sourceTree = "<group>"; };
		47897E962872859F008344D1 /* ContentView.swift */ = {isa = PBXFileReference; lastKnownFileType = sourcecode.swift; path = ContentView.swift; sourceTree = "<group>"; };
		47897E98287285A0008344D1 /* Assets.xcassets */ = {isa = PBXFileReference; lastKnownFileType = folder.assetcatalog; path = Assets.xcassets; sourceTree = "<group>"; };
		47897E9B287285A0008344D1 /* Preview Assets.xcassets */ = {isa = PBXFileReference; lastKnownFileType = folder.assetcatalog; path = "Preview Assets.xcassets"; sourceTree = "<group>"; };
		47897EA1287285A0008344D1 /* UI-604Tests.xctest */ = {isa = PBXFileReference; explicitFileType = wrapper.cfbundle; includeInIndex = 0; path = "UI-604Tests.xctest"; sourceTree = BUILT_PRODUCTS_DIR; };
		47897EA5287285A0008344D1 /* UI_604Tests.swift */ = {isa = PBXFileReference; lastKnownFileType = sourcecode.swift; path = UI_604Tests.swift; sourceTree = "<group>"; };
		47897EAB287285A0008344D1 /* UI-604UITests.xctest */ = {isa = PBXFileReference; explicitFileType = wrapper.cfbundle; includeInIndex = 0; path = "UI-604UITests.xctest"; sourceTree = BUILT_PRODUCTS_DIR; };
		47897EAF287285A0008344D1 /* UI_604UITests.swift */ = {isa = PBXFileReference; lastKnownFileType = sourcecode.swift; path = UI_604UITests.swift; sourceTree = "<group>"; };
		47897EB1287285A0008344D1 /* UI_604UITestsLaunchTests.swift */ = {isa = PBXFileReference; lastKnownFileType = sourcecode.swift; path = UI_604UITestsLaunchTests.swift; sourceTree = "<group>"; };
		47897EBF287285A9008344D1 /* Home.swift */ = {isa = PBXFileReference; lastKnownFileType = sourcecode.swift; path = Home.swift; sourceTree = "<group>"; };
		47897EC2287285B6008344D1 /* Pizza.swift */ = {isa = PBXFileReference; lastKnownFileType = sourcecode.swift; path = Pizza.swift; sourceTree = "<group>"; };
		47897EC4287285EF008344D1 /* AricShape.swift */ = {isa = PBXFileReference; lastKnownFileType = sourcecode.swift; path = AricShape.swift; sourceTree = "<group>"; };
/* End PBXFileReference section */

/* Begin PBXFrameworksBuildPhase section */
		47897E8E2872859F008344D1 /* Frameworks */ = {
			isa = PBXFrameworksBuildPhase;
			buildActionMask = 2147483647;
			files = (
			);
			runOnlyForDeploymentPostprocessing = 0;
		};
		47897E9E287285A0008344D1 /* Frameworks */ = {
			isa = PBXFrameworksBuildPhase;
			buildActionMask = 2147483647;
			files = (
			);
			runOnlyForDeploymentPostprocessing = 0;
		};
		47897EA8287285A0008344D1 /* Frameworks */ = {
			isa = PBXFrameworksBuildPhase;
			buildActionMask = 2147483647;
			files = (
			);
			runOnlyForDeploymentPostprocessing = 0;
		};
/* End PBXFrameworksBuildPhase section */

/* Begin PBXGroup section */
		47897E882872859F008344D1 = {
			isa = PBXGroup;
			children = (
				47897E932872859F008344D1 /* UI-604 */,
				47897EA4287285A0008344D1 /* UI-604Tests */,
				47897EAE287285A0008344D1 /* UI-604UITests */,
				47897E922872859F008344D1 /* Products */,
			);
			sourceTree = "<group>";
		};
		47897E922872859F008344D1 /* Products */ = {
			isa = PBXGroup;
			children = (
				47897E912872859F008344D1 /* UI-604.app */,
				47897EA1287285A0008344D1 /* UI-604Tests.xctest */,
				47897EAB287285A0008344D1 /* UI-604UITests.xctest */,
			);
			name = Products;
			sourceTree = "<group>";
		};
		47897E932872859F008344D1 /* UI-604 */ = {
			isa = PBXGroup;
			children = (
				47897EC1287285AE008344D1 /* Model */,
				47897EBE287285A3008344D1 /* View */,
				47897E942872859F008344D1 /* UI_604App.swift */,
				47897E962872859F008344D1 /* ContentView.swift */,
				47897E98287285A0008344D1 /* Assets.xcassets */,
				47897E9A287285A0008344D1 /* Preview Content */,
			);
			path = "UI-604";
			sourceTree = "<group>";
		};
		47897E9A287285A0008344D1 /* Preview Content */ = {
			isa = PBXGroup;
			children = (
				47897E9B287285A0008344D1 /* Preview Assets.xcassets */,
			);
			path = "Preview Content";
			sourceTree = "<group>";
		};
		47897EA4287285A0008344D1 /* UI-604Tests */ = {
			isa = PBXGroup;
			children = (
				47897EA5287285A0008344D1 /* UI_604Tests.swift */,
			);
			path = "UI-604Tests";
			sourceTree = "<group>";
		};
		47897EAE287285A0008344D1 /* UI-604UITests */ = {
			isa = PBXGroup;
			children = (
				47897EAF287285A0008344D1 /* UI_604UITests.swift */,
				47897EB1287285A0008344D1 /* UI_604UITestsLaunchTests.swift */,
			);
			path = "UI-604UITests";
			sourceTree = "<group>";
		};
		47897EBE287285A3008344D1 /* View */ = {
			isa = PBXGroup;
			children = (
				47897EBF287285A9008344D1 /* Home.swift */,
				47897EC4287285EF008344D1 /* AricShape.swift */,
			);
			path = View;
			sourceTree = "<group>";
		};
		47897EC1287285AE008344D1 /* Model */ = {
			isa = PBXGroup;
			children = (
				47897EC2287285B6008344D1 /* Pizza.swift */,
			);
			path = Model;
			sourceTree = "<group>";
		};
/* End PBXGroup section */

/* Begin PBXNativeTarget section */
		47897E902872859F008344D1 /* UI-604 */ = {
			isa = PBXNativeTarget;
			buildConfigurationList = 47897EB5287285A0008344D1 /* Build configuration list for PBXNativeTarget "UI-604" */;
			buildPhases = (
				47897E8D2872859F008344D1 /* Sources */,
				47897E8E2872859F008344D1 /* Frameworks */,
				47897E8F2872859F008344D1 /* Resources */,
			);
			buildRules = (
			);
			dependencies = (
			);
			name = "UI-604";
			productName = "UI-604";
			productReference = 47897E912872859F008344D1 /* UI-604.app */;
			productType = "com.apple.product-type.application";
		};
		47897EA0287285A0008344D1 /* UI-604Tests */ = {
			isa = PBXNativeTarget;
			buildConfigurationList = 47897EB8287285A0008344D1 /* Build configuration list for PBXNativeTarget "UI-604Tests" */;
			buildPhases = (
				47897E9D287285A0008344D1 /* Sources */,
				47897E9E287285A0008344D1 /* Frameworks */,
				47897E9F287285A0008344D1 /* Resources */,
			);
			buildRules = (
			);
			dependencies = (
				47897EA3287285A0008344D1 /* PBXTargetDependency */,
			);
			name = "UI-604Tests";
			productName = "UI-604Tests";
			productReference = 47897EA1287285A0008344D1 /* UI-604Tests.xctest */;
			productType = "com.apple.product-type.bundle.unit-test";
		};
		47897EAA287285A0008344D1 /* UI-604UITests */ = {
			isa = PBXNativeTarget;
			buildConfigurationList = 47897EBB287285A0008344D1 /* Build configuration list for PBXNativeTarget "UI-604UITests" */;
			buildPhases = (
				47897EA7287285A0008344D1 /* Sources */,
				47897EA8287285A0008344D1 /* Frameworks */,
				47897EA9287285A0008344D1 /* Resources */,
			);
			buildRules = (
			);
			dependencies = (
				47897EAD287285A0008344D1 /* PBXTargetDependency */,
			);
			name = "UI-604UITests";
			productName = "UI-604UITests";
			productReference = 47897EAB287285A0008344D1 /* UI-604UITests.xctest */;
			productType = "com.apple.product-type.bundle.ui-testing";
		};
/* End PBXNativeTarget section */

/* Begin PBXProject section */
		47897E892872859F008344D1 /* Project object */ = {
			isa = PBXProject;
			attributes = {
				BuildIndependentTargetsInParallel = 1;
				LastSwiftUpdateCheck = 1400;
				LastUpgradeCheck = 1400;
				TargetAttributes = {
					47897E902872859F008344D1 = {
						CreatedOnToolsVersion = 14.0;
					};
					47897EA0287285A0008344D1 = {
						CreatedOnToolsVersion = 14.0;
						TestTargetID = 47897E902872859F008344D1;
					};
					47897EAA287285A0008344D1 = {
						CreatedOnToolsVersion = 14.0;
						TestTargetID = 47897E902872859F008344D1;
					};
				};
			};
			buildConfigurationList = 47897E8C2872859F008344D1 /* Build configuration list for PBXProject "UI-604" */;
			compatibilityVersion = "Xcode 14.0";
			developmentRegion = en;
			hasScannedForEncodings = 0;
			knownRegions = (
				en,
				Base,
			);
			mainGroup = 47897E882872859F008344D1;
			productRefGroup = 47897E922872859F008344D1 /* Products */;
			projectDirPath = "";
			projectRoot = "";
			targets = (
				47897E902872859F008344D1 /* UI-604 */,
				47897EA0287285A0008344D1 /* UI-604Tests */,
				47897EAA287285A0008344D1 /* UI-604UITests */,
			);
		};
/* End PBXProject section */

/* Begin PBXResourcesBuildPhase section */
		47897E8F2872859F008344D1 /* Resources */ = {
			isa = PBXResourcesBuildPhase;
			buildActionMask = 2147483647;
			files = (
				47897E9C287285A0008344D1 /* Preview Assets.xcassets in Resources */,
				47897E99287285A0008344D1 /* Assets.xcassets in Resources */,
			);
			runOnlyForDeploymentPostprocessing = 0;
		};
		47897E9F287285A0008344D1 /* Resources */ = {
			isa = PBXResourcesBuildPhase;
			buildActionMask = 2147483647;
			files = (
			);
			runOnlyForDeploymentPostprocessing = 0;
		};
		47897EA9287285A0008344D1 /* Resources */ = {
			isa = PBXResourcesBuildPhase;
			buildActionMask = 2147483647;
			files = (
			);
			runOnlyForDeploymentPostprocessing = 0;
		};
/* End PBXResourcesBuildPhase section */

/* Begin PBXSourcesBuildPhase section */
		47897E8D2872859F008344D1 /* Sources */ = {
			isa = PBXSourcesBuildPhase;
			buildActionMask = 2147483647;
			files = (
				47897EC3287285B6008344D1 /* Pizza.swift in Sources */,
				47897EC5287285EF008344D1 /* AricShape.swift in Sources */,
				47897E972872859F008344D1 /* ContentView.swift in Sources */,
				47897EC0287285A9008344D1 /* Home.swift in Sources */,
				47897E952872859F008344D1 /* UI_604App.swift in Sources */,
			);
			runOnlyForDeploymentPostprocessing = 0;
		};
		47897E9D287285A0008344D1 /* Sources */ = {
			isa = PBXSourcesBuildPhase;
			buildActionMask = 2147483647;
			files = (
				47897EA6287285A0008344D1 /* UI_604Tests.swift in Sources */,
			);
			runOnlyForDeploymentPostprocessing = 0;
		};
		47897EA7287285A0008344D1 /* Sources */ = {
			isa = PBXSourcesBuildPhase;
			buildActionMask = 2147483647;
			files = (
				47897EB0287285A0008344D1 /* UI_604UITests.swift in Sources */,
				47897EB2287285A0008344D1 /* UI_604UITestsLaunchTests.swift in Sources */,
			);
			runOnlyForDeploymentPostprocessing = 0;
		};
/* End PBXSourcesBuildPhase section */

/* Begin PBXTargetDependency section */
		47897EA3287285A0008344D1 /* PBXTargetDependency */ = {
			isa = PBXTargetDependency;
			target = 47897E902872859F008344D1 /* UI-604 */;
			targetProxy = 47897EA2287285A0008344D1 /* PBXContainerItemProxy */;
		};
		47897EAD287285A0008344D1 /* PBXTargetDependency */ = {
			isa = PBXTargetDependency;
			target = 47897E902872859F008344D1 /* UI-604 */;
			targetProxy = 47897EAC287285A0008344D1 /* PBXContainerItemProxy */;
		};
/* End PBXTargetDependency section */

/* Begin XCBuildConfiguration section */
		47897EB3287285A0008344D1 /* Debug */ = {
			isa = XCBuildConfiguration;
			buildSettings = {
				ALWAYS_SEARCH_USER_PATHS = NO;
				CLANG_ANALYZER_NONNULL = YES;
				CLANG_ANALYZER_NUMBER_OBJECT_CONVERSION = YES_AGGRESSIVE;
				CLANG_CXX_LANGUAGE_STANDARD = "gnu++17";
				CLANG_ENABLE_MODULES = YES;
				CLANG_ENABLE_OBJC_ARC = YES;
				CLANG_ENABLE_OBJC_WEAK = YES;
				CLANG_WARN_BLOCK_CAPTURE_AUTORELEASING = YES;
				CLANG_WARN_BOOL_CONVERSION = YES;
				CLANG_WARN_COMMA = YES;
				CLANG_WARN_CONSTANT_CONVERSION = YES;
				CLANG_WARN_DEPRECATED_OBJC_IMPLEMENTATIONS = YES;
				CLANG_WARN_DIRECT_OBJC_ISA_USAGE = YES_ERROR;
				CLANG_WARN_DOCUMENTATION_COMMENTS = YES;
				CLANG_WARN_EMPTY_BODY = YES;
				CLANG_WARN_ENUM_CONVERSION = YES;
				CLANG_WARN_INFINITE_RECURSION = YES;
				CLANG_WARN_INT_CONVERSION = YES;
				CLANG_WARN_NON_LITERAL_NULL_CONVERSION = YES;
				CLANG_WARN_OBJC_IMPLICIT_RETAIN_SELF = YES;
				CLANG_WARN_OBJC_LITERAL_CONVERSION = YES;
				CLANG_WARN_OBJC_ROOT_CLASS = YES_ERROR;
				CLANG_WARN_QUOTED_INCLUDE_IN_FRAMEWORK_HEADER = YES;
				CLANG_WARN_RANGE_LOOP_ANALYSIS = YES;
				CLANG_WARN_STRICT_PROTOTYPES = YES;
				CLANG_WARN_SUSPICIOUS_MOVE = YES;
				CLANG_WARN_UNGUARDED_AVAILABILITY = YES_AGGRESSIVE;
				CLANG_WARN_UNREACHABLE_CODE = YES;
				CLANG_WARN__DUPLICATE_METHOD_MATCH = YES;
				COPY_PHASE_STRIP = NO;
				DEBUG_INFORMATION_FORMAT = dwarf;
				ENABLE_STRICT_OBJC_MSGSEND = YES;
				ENABLE_TESTABILITY = YES;
				GCC_C_LANGUAGE_STANDARD = gnu11;
				GCC_DYNAMIC_NO_PIC = NO;
				GCC_NO_COMMON_BLOCKS = YES;
				GCC_OPTIMIZATION_LEVEL = 0;
				GCC_PREPROCESSOR_DEFINITIONS = (
					"DEBUG=1",
					"$(inherited)",
				);
				GCC_WARN_64_TO_32_BIT_CONVERSION = YES;
				GCC_WARN_ABOUT_RETURN_TYPE = YES_ERROR;
				GCC_WARN_UNDECLARED_SELECTOR = YES;
				GCC_WARN_UNINITIALIZED_AUTOS = YES_AGGRESSIVE;
				GCC_WARN_UNUSED_FUNCTION = YES;
				GCC_WARN_UNUSED_VARIABLE = YES;
				IPHONEOS_DEPLOYMENT_TARGET = 16.0;
				MTL_ENABLE_DEBUG_INFO = INCLUDE_SOURCE;
				MTL_FAST_MATH = YES;
				ONLY_ACTIVE_ARCH = YES;
				SDKROOT = iphoneos;
				SWIFT_ACTIVE_COMPILATION_CONDITIONS = DEBUG;
				SWIFT_OPTIMIZATION_LEVEL = "-Onone";
			};
			name = Debug;
		};
		47897EB4287285A0008344D1 /* Release */ = {
			isa = XCBuildConfiguration;
			buildSettings = {
				ALWAYS_SEARCH_USER_PATHS = NO;
				CLANG_ANALYZER_NONNULL = YES;
				CLANG_ANALYZER_NUMBER_OBJECT_CONVERSION = YES_AGGRESSIVE;
				CLANG_CXX_LANGUAGE_STANDARD = "gnu++17";
				CLANG_ENABLE_MODULES = YES;
				CLANG_ENABLE_OBJC_ARC = YES;
				CLANG_ENABLE_OBJC_WEAK = YES;
				CLANG_WARN_BLOCK_CAPTURE_AUTORELEASING = YES;
				CLANG_WARN_BOOL_CONVERSION = YES;
				CLANG_WARN_COMMA = YES;
				CLANG_WARN_CONSTANT_CONVERSION = YES;
				CLANG_WARN_DEPRECATED_OBJC_IMPLEMENTATIONS = YES;
				CLANG_WARN_DIRECT_OBJC_ISA_USAGE = YES_ERROR;
				CLANG_WARN_DOCUMENTATION_COMMENTS = YES;
				CLANG_WARN_EMPTY_BODY = YES;
				CLANG_WARN_ENUM_CONVERSION = YES;
				CLANG_WARN_INFINITE_RECURSION = YES;
				CLANG_WARN_INT_CONVERSION = YES;
				CLANG_WARN_NON_LITERAL_NULL_CONVERSION = YES;
				CLANG_WARN_OBJC_IMPLICIT_RETAIN_SELF = YES;
				CLANG_WARN_OBJC_LITERAL_CONVERSION = YES;
				CLANG_WARN_OBJC_ROOT_CLASS = YES_ERROR;
				CLANG_WARN_QUOTED_INCLUDE_IN_FRAMEWORK_HEADER = YES;
				CLANG_WARN_RANGE_LOOP_ANALYSIS = YES;
				CLANG_WARN_STRICT_PROTOTYPES = YES;
				CLANG_WARN_SUSPICIOUS_MOVE = YES;
				CLANG_WARN_UNGUARDED_AVAILABILITY = YES_AGGRESSIVE;
				CLANG_WARN_UNREACHABLE_CODE = YES;
				CLANG_WARN__DUPLICATE_METHOD_MATCH = YES;
				COPY_PHASE_STRIP = NO;
				DEBUG_INFORMATION_FORMAT = "dwarf-with-dsym";
				ENABLE_NS_ASSERTIONS = NO;
				ENABLE_STRICT_OBJC_MSGSEND = YES;
				GCC_C_LANGUAGE_STANDARD = gnu11;
				GCC_NO_COMMON_BLOCKS = YES;
				GCC_WARN_64_TO_32_BIT_CONVERSION = YES;
				GCC_WARN_ABOUT_RETURN_TYPE = YES_ERROR;
				GCC_WARN_UNDECLARED_SELECTOR = YES;
				GCC_WARN_UNINITIALIZED_AUTOS = YES_AGGRESSIVE;
				GCC_WARN_UNUSED_FUNCTION = YES;
				GCC_WARN_UNUSED_VARIABLE = YES;
				IPHONEOS_DEPLOYMENT_TARGET = 16.0;
				MTL_ENABLE_DEBUG_INFO = NO;
				MTL_FAST_MATH = YES;
				SDKROOT = iphoneos;
				SWIFT_COMPILATION_MODE = wholemodule;
				SWIFT_OPTIMIZATION_LEVEL = "-O";
				VALIDATE_PRODUCT = YES;
			};
			name = Release;
		};
		47897EB6287285A0008344D1 /* Debug */ = {
			isa = XCBuildConfiguration;
			buildSettings = {
				ASSETCATALOG_COMPILER_APPICON_NAME = AppIcon;
				ASSETCATALOG_COMPILER_GLOBAL_ACCENT_COLOR_NAME = AccentColor;
				CODE_SIGN_STYLE = Automatic;
				CURRENT_PROJECT_VERSION = 1;
				DEVELOPMENT_ASSET_PATHS = "\"UI-604/Preview Content\"";
				DEVELOPMENT_TEAM = 8CL4U468K5;
				ENABLE_PREVIEWS = YES;
				GENERATE_INFOPLIST_FILE = YES;
				INFOPLIST_KEY_UIApplicationSceneManifest_Generation = YES;
				INFOPLIST_KEY_UIApplicationSupportsIndirectInputEvents = YES;
				INFOPLIST_KEY_UILaunchScreen_Generation = YES;
				INFOPLIST_KEY_UISupportedInterfaceOrientations_iPad = "UIInterfaceOrientationPortrait UIInterfaceOrientationPortraitUpsideDown UIInterfaceOrientationLandscapeLeft UIInterfaceOrientationLandscapeRight";
				INFOPLIST_KEY_UISupportedInterfaceOrientations_iPhone = "UIInterfaceOrientationPortrait UIInterfaceOrientationLandscapeLeft UIInterfaceOrientationLandscapeRight";
				LD_RUNPATH_SEARCH_PATHS = (
					"$(inherited)",
					"@executable_path/Frameworks",
				);
				MARKETING_VERSION = 1.0;
				PRODUCT_BUNDLE_IDENTIFIER = "com.585.UI-604";
				PRODUCT_NAME = "$(TARGET_NAME)";
				SWIFT_EMIT_LOC_STRINGS = YES;
				SWIFT_VERSION = 5.0;
				TARGETED_DEVICE_FAMILY = "1,2";
			};
			name = Debug;
		};
		47897EB7287285A0008344D1 /* Release */ = {
			isa = XCBuildConfiguration;
			buildSettings = {
				ASSETCATALOG_COMPILER_APPICON_NAME = AppIcon;
				ASSETCATALOG_COMPILER_GLOBAL_ACCENT_COLOR_NAME = AccentColor;
				CODE_SIGN_STYLE = Automatic;
				CURRENT_PROJECT_VERSION = 1;
				DEVELOPMENT_ASSET_PATHS = "\"UI-604/Preview Content\"";
				DEVELOPMENT_TEAM = 8CL4U468K5;
				ENABLE_PREVIEWS = YES;
				GENERATE_INFOPLIST_FILE = YES;
				INFOPLIST_KEY_UIApplicationSceneManifest_Generation = YES;
				INFOPLIST_KEY_UIApplicationSupportsIndirectInputEvents = YES;
				INFOPLIST_KEY_UILaunchScreen_Generation = YES;
				INFOPLIST_KEY_UISupportedInterfaceOrientations_iPad = "UIInterfaceOrientationPortrait UIInterfaceOrientationPortraitUpsideDown UIInterfaceOrientationLandscapeLeft UIInterfaceOrientationLandscapeRight";
				INFOPLIST_KEY_UISupportedInterfaceOrientations_iPhone = "UIInterfaceOrientationPortrait UIInterfaceOrientationLandscapeLeft UIInterfaceOrientationLandscapeRight";
				LD_RUNPATH_SEARCH_PATHS = (
					"$(inherited)",
					"@executable_path/Frameworks",
				);
				MARKETING_VERSION = 1.0;
				PRODUCT_BUNDLE_IDENTIFIER = "com.585.UI-604";
				PRODUCT_NAME = "$(TARGET_NAME)";
				SWIFT_EMIT_LOC_STRINGS = YES;
				SWIFT_VERSION = 5.0;
				TARGETED_DEVICE_FAMILY = "1,2";
			};
			name = Release;
		};
		47897EB9287285A0008344D1 /* Debug */ = {
			isa = XCBuildConfiguration;
			buildSettings = {
				ALWAYS_EMBED_SWIFT_STANDARD_LIBRARIES = YES;
				BUNDLE_LOADER = "$(TEST_HOST)";
				CODE_SIGN_STYLE = Automatic;
				CURRENT_PROJECT_VERSION = 1;
				DEVELOPMENT_TEAM = 8CL4U468K5;
				GENERATE_INFOPLIST_FILE = YES;
				IPHONEOS_DEPLOYMENT_TARGET = 16.0;
				MARKETING_VERSION = 1.0;
				PRODUCT_BUNDLE_IDENTIFIER = "com.585.UI-604Tests";
				PRODUCT_NAME = "$(TARGET_NAME)";
				SWIFT_EMIT_LOC_STRINGS = NO;
				SWIFT_VERSION = 5.0;
				TARGETED_DEVICE_FAMILY = "1,2";
				TEST_HOST = "$(BUILT_PRODUCTS_DIR)/UI-604.app/$(BUNDLE_EXECUTABLE_FOLDER_PATH)/UI-604";
			};
			name = Debug;
		};
		47897EBA287285A0008344D1 /* Release */ = {
			isa = XCBuildConfiguration;
			buildSettings = {
				ALWAYS_EMBED_SWIFT_STANDARD_LIBRARIES = YES;
				BUNDLE_LOADER = "$(TEST_HOST)";
				CODE_SIGN_STYLE = Automatic;
				CURRENT_PROJECT_VERSION = 1;
				DEVELOPMENT_TEAM = 8CL4U468K5;
				GENERATE_INFOPLIST_FILE = YES;
				IPHONEOS_DEPLOYMENT_TARGET = 16.0;
				MARKETING_VERSION = 1.0;
				PRODUCT_BUNDLE_IDENTIFIER = "com.585.UI-604Tests";
				PRODUCT_NAME = "$(TARGET_NAME)";
				SWIFT_EMIT_LOC_STRINGS = NO;
				SWIFT_VERSION = 5.0;
				TARGETED_DEVICE_FAMILY = "1,2";
				TEST_HOST = "$(BUILT_PRODUCTS_DIR)/UI-604.app/$(BUNDLE_EXECUTABLE_FOLDER_PATH)/UI-604";
			};
			name = Release;
		};
		47897EBC287285A0008344D1 /* Debug */ = {
			isa = XCBuildConfiguration;
			buildSettings = {
				ALWAYS_EMBED_SWIFT_STANDARD_LIBRARIES = YES;
				CODE_SIGN_STYLE = Automatic;
				CURRENT_PROJECT_VERSION = 1;
				DEVELOPMENT_TEAM = 8CL4U468K5;
				GENERATE_INFOPLIST_FILE = YES;
				MARKETING_VERSION = 1.0;
				PRODUCT_BUNDLE_IDENTIFIER = "com.585.UI-604UITests";
				PRODUCT_NAME = "$(TARGET_NAME)";
				SWIFT_EMIT_LOC_STRINGS = NO;
				SWIFT_VERSION = 5.0;
				TARGETED_DEVICE_FAMILY = "1,2";
				TEST_TARGET_NAME = "UI-604";
			};
			name = Debug;
		};
		47897EBD287285A0008344D1 /* Release */ = {
			isa = XCBuildConfiguration;
			buildSettings = {
				ALWAYS_EMBED_SWIFT_STANDARD_LIBRARIES = YES;
				CODE_SIGN_STYLE = Automatic;
				CURRENT_PROJECT_VERSION = 1;
				DEVELOPMENT_TEAM = 8CL4U468K5;
				GENERATE_INFOPLIST_FILE = YES;
				MARKETING_VERSION = 1.0;
				PRODUCT_BUNDLE_IDENTIFIER = "com.585.UI-604UITests";
				PRODUCT_NAME = "$(TARGET_NAME)";
				SWIFT_EMIT_LOC_STRINGS = NO;
				SWIFT_VERSION = 5.0;
				TARGETED_DEVICE_FAMILY = "1,2";
				TEST_TARGET_NAME = "UI-604";
			};
			name = Release;
		};
/* End XCBuildConfiguration section */

/* Begin XCConfigurationList section */
		47897E8C2872859F008344D1 /* Build configuration list for PBXProject "UI-604" */ = {
			isa = XCConfigurationList;
			buildConfigurations = (
				47897EB3287285A0008344D1 /* Debug */,
				47897EB4287285A0008344D1 /* Release */,
			);
			defaultConfigurationIsVisible = 0;
			defaultConfigurationName = Release;
		};
		47897EB5287285A0008344D1 /* Build configuration list for PBXNativeTarget "UI-604" */ = {
			isa = XCConfigurationList;
			buildConfigurations = (
				47897EB6287285A0008344D1 /* Debug */,
				47897EB7287285A0008344D1 /* Release */,
			);
			defaultConfigurationIsVisible = 0;
			defaultConfigurationName = Release;
		};
		47897EB8287285A0008344D1 /* Build configuration list for PBXNativeTarget "UI-604Tests" */ = {
			isa = XCConfigurationList;
			buildConfigurations = (
				47897EB9287285A0008344D1 /* Debug */,
				47897EBA287285A0008344D1 /* Release */,
			);
			defaultConfigurationIsVisible = 0;
			defaultConfigurationName = Release;
		};
		47897EBB287285A0008344D1 /* Build configuration list for PBXNativeTarget "UI-604UITests" */ = {
			isa = XCConfigurationList;
			buildConfigurations = (
				47897EBC287285A0008344D1 /* Debug */,
				47897EBD287285A0008344D1 /* Release */,
			);
			defaultConfigurationIsVisible = 0;
			defaultConfigurationName = Release;
		};
/* End XCConfigurationList section */
	};
	rootObject = 47897E892872859F008344D1 /* Project object */;
}
